
Microsoft Visual Studio Solution File, Format Version 12.00
# Visual Studio Version 17
VisualStudioVersion = 17.14.36623.8 d17.14
MinimumVisualStudioVersion = 10.0.40219.1
Project("{FAE04EC0-301F-11D3-BF4B-00C04F79EFBC}") = "PS4-PS5download0TOOL", "PS4-PS5download0TOOL.csproj", "{890CB15D-6185-4EB5-82C9-93F69B0973BF}"
EndProject
Global
	GlobalSection(SolutionConfigurationPlatforms) = preSolution
		Debug|Any CPU = Debug|Any CPU
		Release|Any CPU = Release|Any CPU
	EndGlobalSection
	GlobalSection(ProjectConfigurationPlatforms) = postSolution
		{890CB15D-6185-4EB5-82C9-93F69B0973BF}.Debug|Any CPU.ActiveCfg = Debug|Any CPU
		{890CB15D-6185-4EB5-82C9-93F69B0973BF}.Debug|Any CPU.Build.0 = Debug|Any CPU
		{890CB15D-6185-4EB5-82C9-93F69B0973BF}.Debug|Any CPU.Deploy.0 = Debug|Any CPU
		{890CB15D-6185-4EB5-82C9-93F69B0973BF}.Release|Any CPU.ActiveCfg = Release|Any CPU
		{890CB15D-6185-4EB5-82C9-93F69B0973BF}.Release|Any CPU.Build.0 = Release|Any CPU
		{890CB15D-6185-4EB5-82C9-93F69B0973BF}.Release|Any CPU.Deploy.0 = Release|Any CPU
	EndGlobalSection
	GlobalSection(SolutionProperties) = preSolution
		HideSolutionNode = FALSE
	EndGlobalSection
	GlobalSection(ExtensibilityGlobals) = postSolution
		SolutionGuid = {5AA81246-DEE7-451A-8C46-B20041BD7797}
	EndGlobalSection
EndGlobal
